
Microsoft Visual Studio Solution File, Format Version 12.00
# Visual Studio Version 16
VisualStudioVersion = 16.0.30907.101
MinimumVisualStudioVersion = 10.0.40219.1
Project("{FAE04EC0-301F-11D3-BF4B-00C04F79EFBC}") = "Ecommercetestcase", "Ecommercetestcase\Ecommercetestcase.csproj", "{24B0CB84-05AF-4C98-BEFE-9658857CEA8D}"
EndProject
Global
	GlobalSection(SolutionConfigurationPlatforms) = preSolution
		Debug|Any CPU = Debug|Any CPU
		Release|Any CPU = Release|Any CPU
	EndGlobalSection
	GlobalSection(ProjectConfigurationPlatforms) = postSolution
		{24B0CB84-05AF-4C98-BEFE-9658857CEA8D}.Debug|Any CPU.ActiveCfg = Debug|Any CPU
		{24B0CB84-05AF-4C98-BEFE-9658857CEA8D}.Debug|Any CPU.Build.0 = Debug|Any CPU
		{24B0CB84-05AF-4C98-BEFE-9658857CEA8D}.Release|Any CPU.ActiveCfg = Release|Any CPU
		{24B0CB84-05AF-4C98-BEFE-9658857CEA8D}.Release|Any CPU.Build.0 = Release|Any CPU
	EndGlobalSection
	GlobalSection(SolutionProperties) = preSolution
		HideSolutionNode = FALSE
	EndGlobalSection
	GlobalSection(ExtensibilityGlobals) = postSolution
		SolutionGuid = {F78B4DD7-C0ED-4687-818F-CC3A3F0E7043}
	EndGlobalSection
EndGlobal
